
Microsoft Visual Studio Solution File, Format Version 12.00
# Visual Studio Version 16
VisualStudioVersion = 16.0.30114.105
MinimumVisualStudioVersion = 10.0.40219.1
Project("{FAE04EC0-301F-11D3-BF4B-00C04F79EFBC}") = "Security.Authentication", "Security.Authentication\Security.Authentication.csproj", "{1284A2A8-CA08-4888-A7C7-01758A6A6C4C}"
EndProject
Project("{FAE04EC0-301F-11D3-BF4B-00C04F79EFBC}") = "Security.DataProtection", "Security.DataProtection\Security.DataProtection.csproj", "{1E093915-9834-44E2-8B0A-C7B34DB03124}"
EndProject
Project("{FAE04EC0-301F-11D3-BF4B-00C04F79EFBC}") = "Security.Authentication.Cookies", "Security.Authentication.Cookies\Security.Authentication.Cookies.csproj", "{7A722FA1-363F-4858-8063-B1BCF177ADA3}"
EndProject
Project("{FAE04EC0-301F-11D3-BF4B-00C04F79EFBC}") = "Security.Authentication.Google", "Security.Authentication.Google\Security.Authentication.Google.csproj", "{ED0E7ADE-5157-4913-A6C3-D94264F64963}"
EndProject
Project("{FAE04EC0-301F-11D3-BF4B-00C04F79EFBC}") = "Security.Testing", "Security.Testing\Security.Testing.csproj", "{7900AAC4-F580-407D-BFFA-89B39499789D}"
EndProject
Project("{FAE04EC0-301F-11D3-BF4B-00C04F79EFBC}") = "Security.Authorization", "Security.Authorization\Security.Authorization.csproj", "{D1F76468-8055-42B4-8947-98D92F4283E3}"
EndProject
Project("{FAE04EC0-301F-11D3-BF4B-00C04F79EFBC}") = "Security.Authentication.OAuth", "Security.Authentication.OAuth\Security.Authentication.OAuth.csproj", "{389E2A9F-822E-485D-8147-80B586BE7F64}"
EndProject
Project("{FAE04EC0-301F-11D3-BF4B-00C04F79EFBC}") = "Security.Authentication.Remote", "Security.Authentication.Remote\Security.Authentication.Remote.csproj", "{36A0AF34-2CA7-4823-9DA6-B49329158332}"
EndProject
Project("{FAE04EC0-301F-11D3-BF4B-00C04F79EFBC}") = "Security.Benchmarks", "Security.Benchmarks\Security.Benchmarks.csproj", "{E7C60505-30BE-4A09-AE78-276649F36446}"
EndProject
Project("{FAE04EC0-301F-11D3-BF4B-00C04F79EFBC}") = "Security.Authentication.Facebook", "Security.Authentication.Facebook\Security.Authentication.Facebook.csproj", "{9D407CAE-023B-405E-8F64-4C74E97450E5}"
EndProject
Project("{FAE04EC0-301F-11D3-BF4B-00C04F79EFBC}") = "Security.Authentication.Twitter", "Security.Authentication.Twitter\Security.Authentication.Twitter.csproj", "{15B077A0-1F85-4FF0-8F86-56FC8B326DC8}"
EndProject
Project("{FAE04EC0-301F-11D3-BF4B-00C04F79EFBC}") = "Security.Sample.Api", "Security.Sample.Api\Security.Sample.Api.csproj", "{7D502505-C28D-430E-8EE0-7CD826E3EE81}"
EndProject
Project("{FAE04EC0-301F-11D3-BF4B-00C04F79EFBC}") = "Security.Authentication.BearerToken", "Security.Authentication.BearerToken\Security.Authentication.BearerToken.csproj", "{838D5F3E-11E7-4DA9-A087-A01A81194A5F}"
EndProject
Project("{FAE04EC0-301F-11D3-BF4B-00C04F79EFBC}") = "Security.Authentication.OpenIdConnect", "Security.Authentication.OpenIdConnect\Security.Authentication.OpenIdConnect.csproj", "{016EE288-75A6-46B6-8C1A-769CE90862AF}"
EndProject
Global
	GlobalSection(SolutionConfigurationPlatforms) = preSolution
		Debug|Any CPU = Debug|Any CPU
		Release|Any CPU = Release|Any CPU
	EndGlobalSection
	GlobalSection(SolutionProperties) = preSolution
		HideSolutionNode = FALSE
	EndGlobalSection
	GlobalSection(ProjectConfigurationPlatforms) = postSolution
		{1284A2A8-CA08-4888-A7C7-01758A6A6C4C}.Debug|Any CPU.ActiveCfg = Debug|Any CPU
		{1284A2A8-CA08-4888-A7C7-01758A6A6C4C}.Debug|Any CPU.Build.0 = Debug|Any CPU
		{1284A2A8-CA08-4888-A7C7-01758A6A6C4C}.Release|Any CPU.ActiveCfg = Release|Any CPU
		{1284A2A8-CA08-4888-A7C7-01758A6A6C4C}.Release|Any CPU.Build.0 = Release|Any CPU
		{1E093915-9834-44E2-8B0A-C7B34DB03124}.Debug|Any CPU.ActiveCfg = Debug|Any CPU
		{1E093915-9834-44E2-8B0A-C7B34DB03124}.Debug|Any CPU.Build.0 = Debug|Any CPU
		{1E093915-9834-44E2-8B0A-C7B34DB03124}.Release|Any CPU.ActiveCfg = Release|Any CPU
		{1E093915-9834-44E2-8B0A-C7B34DB03124}.Release|Any CPU.Build.0 = Release|Any CPU
		{7A722FA1-363F-4858-8063-B1BCF177ADA3}.Debug|Any CPU.ActiveCfg = Debug|Any CPU
		{7A722FA1-363F-4858-8063-B1BCF177ADA3}.Debug|Any CPU.Build.0 = Debug|Any CPU
		{7A722FA1-363F-4858-8063-B1BCF177ADA3}.Release|Any CPU.ActiveCfg = Release|Any CPU
		{7A722FA1-363F-4858-8063-B1BCF177ADA3}.Release|Any CPU.Build.0 = Release|Any CPU
		{ED0E7ADE-5157-4913-A6C3-D94264F64963}.Debug|Any CPU.ActiveCfg = Debug|Any CPU
		{ED0E7ADE-5157-4913-A6C3-D94264F64963}.Debug|Any CPU.Build.0 = Debug|Any CPU
		{ED0E7ADE-5157-4913-A6C3-D94264F64963}.Release|Any CPU.ActiveCfg = Release|Any CPU
		{ED0E7ADE-5157-4913-A6C3-D94264F64963}.Release|Any CPU.Build.0 = Release|Any CPU
		{7900AAC4-F580-407D-BFFA-89B39499789D}.Debug|Any CPU.ActiveCfg = Debug|Any CPU
		{7900AAC4-F580-407D-BFFA-89B39499789D}.Debug|Any CPU.Build.0 = Debug|Any CPU
		{7900AAC4-F580-407D-BFFA-89B39499789D}.Release|Any CPU.ActiveCfg = Release|Any CPU
		{7900AAC4-F580-407D-BFFA-89B39499789D}.Release|Any CPU.Build.0 = Release|Any CPU
		{D1F76468-8055-42B4-8947-98D92F4283E3}.Debug|Any CPU.ActiveCfg = Debug|Any CPU
		{D1F76468-8055-42B4-8947-98D92F4283E3}.Debug|Any CPU.Build.0 = Debug|Any CPU
		{D1F76468-8055-42B4-8947-98D92F4283E3}.Release|Any CPU.ActiveCfg = Release|Any CPU
		{D1F76468-8055-42B4-8947-98D92F4283E3}.Release|Any CPU.Build.0 = Release|Any CPU
		{389E2A9F-822E-485D-8147-80B586BE7F64}.Debug|Any CPU.ActiveCfg = Debug|Any CPU
		{389E2A9F-822E-485D-8147-80B586BE7F64}.Debug|Any CPU.Build.0 = Debug|Any CPU
		{389E2A9F-822E-485D-8147-80B586BE7F64}.Release|Any CPU.ActiveCfg = Release|Any CPU
		{389E2A9F-822E-485D-8147-80B586BE7F64}.Release|Any CPU.Build.0 = Release|Any CPU
		{36A0AF34-2CA7-4823-9DA6-B49329158332}.Debug|Any CPU.ActiveCfg = Debug|Any CPU
		{36A0AF34-2CA7-4823-9DA6-B49329158332}.Debug|Any CPU.Build.0 = Debug|Any CPU
		{36A0AF34-2CA7-4823-9DA6-B49329158332}.Release|Any CPU.ActiveCfg = Release|Any CPU
		{36A0AF34-2CA7-4823-9DA6-B49329158332}.Release|Any CPU.Build.0 = Release|Any CPU
		{E7C60505-30BE-4A09-AE78-276649F36446}.Debug|Any CPU.ActiveCfg = Debug|Any CPU
		{E7C60505-30BE-4A09-AE78-276649F36446}.Debug|Any CPU.Build.0 = Debug|Any CPU
		{E7C60505-30BE-4A09-AE78-276649F36446}.Release|Any CPU.ActiveCfg = Release|Any CPU
		{E7C60505-30BE-4A09-AE78-276649F36446}.Release|Any CPU.Build.0 = Release|Any CPU
		{9D407CAE-023B-405E-8F64-4C74E97450E5}.Debug|Any CPU.ActiveCfg = Debug|Any CPU
		{9D407CAE-023B-405E-8F64-4C74E97450E5}.Debug|Any CPU.Build.0 = Debug|Any CPU
		{9D407CAE-023B-405E-8F64-4C74E97450E5}.Release|Any CPU.ActiveCfg = Release|Any CPU
		{9D407CAE-023B-405E-8F64-4C74E97450E5}.Release|Any CPU.Build.0 = Release|Any CPU
		{15B077A0-1F85-4FF0-8F86-56FC8B326DC8}.Debug|Any CPU.ActiveCfg = Debug|Any CPU
		{15B077A0-1F85-4FF0-8F86-56FC8B326DC8}.Debug|Any CPU.Build.0 = Debug|Any CPU
		{15B077A0-1F85-4FF0-8F86-56FC8B326DC8}.Release|Any CPU.ActiveCfg = Release|Any CPU
		{15B077A0-1F85-4FF0-8F86-56FC8B326DC8}.Release|Any CPU.Build.0 = Release|Any CPU
		{7D502505-C28D-430E-8EE0-7CD826E3EE81}.Debug|Any CPU.ActiveCfg = Debug|Any CPU
		{7D502505-C28D-430E-8EE0-7CD826E3EE81}.Debug|Any CPU.Build.0 = Debug|Any CPU
		{7D502505-C28D-430E-8EE0-7CD826E3EE81}.Release|Any CPU.ActiveCfg = Release|Any CPU
		{7D502505-C28D-430E-8EE0-7CD826E3EE81}.Release|Any CPU.Build.0 = Release|Any CPU
		{838D5F3E-11E7-4DA9-A087-A01A81194A5F}.Debug|Any CPU.ActiveCfg = Debug|Any CPU
		{838D5F3E-11E7-4DA9-A087-A01A81194A5F}.Debug|Any CPU.Build.0 = Debug|Any CPU
		{838D5F3E-11E7-4DA9-A087-A01A81194A5F}.Release|Any CPU.ActiveCfg = Release|Any CPU
		{838D5F3E-11E7-4DA9-A087-A01A81194A5F}.Release|Any CPU.Build.0 = Release|Any CPU
		{016EE288-75A6-46B6-8C1A-769CE90862AF}.Debug|Any CPU.ActiveCfg = Debug|Any CPU
		{016EE288-75A6-46B6-8C1A-769CE90862AF}.Debug|Any CPU.Build.0 = Debug|Any CPU
		{016EE288-75A6-46B6-8C1A-769CE90862AF}.Release|Any CPU.ActiveCfg = Release|Any CPU
		{016EE288-75A6-46B6-8C1A-769CE90862AF}.Release|Any CPU.Build.0 = Release|Any CPU
	EndGlobalSection
EndGlobal
